
Microsoft Visual Studio Solution File, Format Version 12.00
# Visual Studio Version 17
VisualStudioVersion = 17.4.33213.308
MinimumVisualStudioVersion = 10.0.40219.1
Project("{FAE04EC0-301F-11D3-BF4B-00C04F79EFBC}") = "Business", "Business\Business.csproj", "{C6CB0FF8-BE55-45AD-8166-E8BEB6FECBF5}"
EndProject
Project("{FAE04EC0-301F-11D3-BF4B-00C04F79EFBC}") = "DataAccess", "DataAccess\DataAccess.csproj", "{FDEB1741-BCE6-44B7-9C62-A213E0AFC508}"
EndProject
Project("{FAE04EC0-301F-11D3-BF4B-00C04F79EFBC}") = "Entity", "Entity\Entity.csproj", "{D542F429-8484-4767-820D-037B7639BAA7}"
EndProject
Project("{FAE04EC0-301F-11D3-BF4B-00C04F79EFBC}") = "ConsoleUI", "ConsoleUI\ConsoleUI.csproj", "{FF6E688C-1ADC-48BC-A429-4151E4927C60}"
EndProject
Global
	GlobalSection(SolutionConfigurationPlatforms) = preSolution
		Debug|Any CPU = Debug|Any CPU
		Release|Any CPU = Release|Any CPU
	EndGlobalSection
	GlobalSection(ProjectConfigurationPlatforms) = postSolution
		{C6CB0FF8-BE55-45AD-8166-E8BEB6FECBF5}.Debug|Any CPU.ActiveCfg = Debug|Any CPU
		{C6CB0FF8-BE55-45AD-8166-E8BEB6FECBF5}.Debug|Any CPU.Build.0 = Debug|Any CPU
		{C6CB0FF8-BE55-45AD-8166-E8BEB6FECBF5}.Release|Any CPU.ActiveCfg = Release|Any CPU
		{C6CB0FF8-BE55-45AD-8166-E8BEB6FECBF5}.Release|Any CPU.Build.0 = Release|Any CPU
		{FDEB1741-BCE6-44B7-9C62-A213E0AFC508}.Debug|Any CPU.ActiveCfg = Debug|Any CPU
		{FDEB1741-BCE6-44B7-9C62-A213E0AFC508}.Debug|Any CPU.Build.0 = Debug|Any CPU
		{FDEB1741-BCE6-44B7-9C62-A213E0AFC508}.Release|Any CPU.ActiveCfg = Release|Any CPU
		{FDEB1741-BCE6-44B7-9C62-A213E0AFC508}.Release|Any CPU.Build.0 = Release|Any CPU
		{D542F429-8484-4767-820D-037B7639BAA7}.Debug|Any CPU.ActiveCfg = Debug|Any CPU
		{D542F429-8484-4767-820D-037B7639BAA7}.Debug|Any CPU.Build.0 = Debug|Any CPU
		{D542F429-8484-4767-820D-037B7639BAA7}.Release|Any CPU.ActiveCfg = Release|Any CPU
		{D542F429-8484-4767-820D-037B7639BAA7}.Release|Any CPU.Build.0 = Release|Any CPU
		{FF6E688C-1ADC-48BC-A429-4151E4927C60}.Debug|Any CPU.ActiveCfg = Debug|Any CPU
		{FF6E688C-1ADC-48BC-A429-4151E4927C60}.Debug|Any CPU.Build.0 = Debug|Any CPU
		{FF6E688C-1ADC-48BC-A429-4151E4927C60}.Release|Any CPU.ActiveCfg = Release|Any CPU
		{FF6E688C-1ADC-48BC-A429-4151E4927C60}.Release|Any CPU.Build.0 = Release|Any CPU
	EndGlobalSection
	GlobalSection(SolutionProperties) = preSolution
		HideSolutionNode = FALSE
	EndGlobalSection
	GlobalSection(ExtensibilityGlobals) = postSolution
		SolutionGuid = {166AB820-95D0-488B-8FE4-07F8632C94B0}
	EndGlobalSection
EndGlobal
